{
  "version": 4,
  "terraform_version": "1.9.8",
  "serial": 294,
  "lineage": "2ef31c5d-b09b-cf63-03cc-9efca89d8e01",
  "outputs": {
    "alb_dns_name": {
      "value": "app-alb-1411199282.us-east-1.elb.amazonaws.com",
      "type": "string"
    }
  },
  "resources": [
    {
      "mode": "managed",
      "type": "aws_acm_certificate",
      "name": "imported_cert",
      "provider": "provider[\"registry.terraform.io/hashicorp/aws\"]",
      "instances": [
        {
          "schema_version": 0,
          "attributes": {
            "arn": "arn:aws:acm:us-east-1:036995574025:certificate/727b31c3-148e-4c23-b5a0-dd71ef663d2f",
            "certificate_authority_arn": "",
            "certificate_body": "-----BEGIN CERTIFICATE-----\nMIIDFTCCAf2gAwIBAgIQbXeTGw0HrGX2mTnfhJ4rkzANBgkqhkiG9w0BAQsFADAr\nMREwDwYDVQQKEwhEZW1vIE9yZzEWMBQGA1UEAxMNZXZ2by5lemVyby5pbjAeFw0y\nNTAyMDcwMzM0MTZaFw0yNjAyMDcwMzM0MTZaMCsxETAPBgNVBAoTCERlbW8gT3Jn\nMRYwFAYDVQQDEw1ldnZvLmV6ZXJvLmluMIIBIjANBgkqhkiG9w0BAQEFAAOCAQ8A\nMIIBCgKCAQEA7XeU1ghkpKamnDbPBbs5Gx9+MZlzCaxKfPlldRSmCPJH0aMX8VZ5\nua37DYbpMjbfG3PNN5XF6QPUTROOlP/WIUh4iAcVkM7zUp5JZrw65fK6j77gWmbB\nnCz35c/KUPbzccs7kVFQxKjyGP8RjkvkO3EieEipI9UUX2nBDqNygF10/7EzweAc\ngit/QLUNcySWIgVZFkOqd0BOkNejxpiVj6ocV4b4AkjRDTlxhNRswQTU+B+RRKBM\neNESBUZvdZMlpawOjNm59jHGznA2QVDLeOnJhy88Slk8cvIsyVP8P5qMAym5R+Lr\nRFSRdxjZfpnkX7U79viKPyBIRbeRvTvBiwIDAQABozUwMzAOBgNVHQ8BAf8EBAMC\nBaAwEwYDVR0lBAwwCgYIKwYBBQUHAwEwDAYDVR0TAQH/BAIwADANBgkqhkiG9w0B\nAQsFAAOCAQEAcohYJMIreGJZE1FzTQVzY1txMqIX7IY8JaeMQxuQ7VO8nNEvZvs9\nmONK7MHqGuE2lRxUR5z5X3dIvqpls5uzNYS+KIpRc0bfzFG0MRmHTAJPEVlhfOxG\nIoz16hkAr68ZAhKMauIDiMgLPwTy1zs9k5xchM/v3kNHbMNMQ9WFK27oNntZ4cTD\nG0Miz+KSz8rZIV9vQyIKQE8CRMw1hr7FXYHYMckIBjwQyIL8csrYCMIbhqS/iilO\n6Myc3KknT99ZADMx/ptLlxzD+6qCrdYv0jE/pVlYSC8sgFoiyqL7EUGz+D/BaijT\nlmsjXmEFfn65RQNmUhfQ6y2ZdvWJY+96Pg==\n-----END CERTIFICATE-----\n",
            "certificate_chain": null,
            "domain_name": "evvo.ezero.in",
            "domain_validation_options": [],
            "early_renewal_duration": "",
            "id": "arn:aws:acm:us-east-1:036995574025:certificate/727b31c3-148e-4c23-b5a0-dd71ef663d2f",
            "key_algorithm": "RSA_2048",
            "not_after": "2026-02-07T03:34:16Z",
            "not_before": "2025-02-07T03:34:16Z",
            "options": [
              {
                "certificate_transparency_logging_preference": "DISABLED"
              }
            ],
            "pending_renewal": false,
            "private_key": "-----BEGIN RSA PRIVATE KEY-----\nMIIEpAIBAAKCAQEA7XeU1ghkpKamnDbPBbs5Gx9+MZlzCaxKfPlldRSmCPJH0aMX\n8VZ5ua37DYbpMjbfG3PNN5XF6QPUTROOlP/WIUh4iAcVkM7zUp5JZrw65fK6j77g\nWmbBnCz35c/KUPbzccs7kVFQxKjyGP8RjkvkO3EieEipI9UUX2nBDqNygF10/7Ez\nweAcgit/QLUNcySWIgVZFkOqd0BOkNejxpiVj6ocV4b4AkjRDTlxhNRswQTU+B+R\nRKBMeNESBUZvdZMlpawOjNm59jHGznA2QVDLeOnJhy88Slk8cvIsyVP8P5qMAym5\nR+LrRFSRdxjZfpnkX7U79viKPyBIRbeRvTvBiwIDAQABAoIBABtzb2kunzPJcAku\n7M+kzP0trtDdBEdh+1pnGitmr6rpFxRM3j+v13J3gkYWCm8bmL77rAV48t/06V3f\nnOPsjzxZvFU9PGj5A3fRhHqz17stTBPB5P2OU2NSb3XJh4HEim/lJoWt+MBDJ3ls\nQwNIEqIseeedvq+9uhUtjHu8uUfNTO/kMvpBQMuCEZ9/GuvgqM1KQF6486bmwX/x\ngAMQGdZ3esV1soXAnm+lVEJb0eQczjX3jUfHTJ4po+qZUMCAFF3OBSC0JEEkO4V4\ngMPa/iDmPmhkmlCjErX4TdCBQ/XiH46lmvNo9n/5ti9sUK3pomo0rFMyJU6sdyU1\no12gWUECgYEA9qvdjRtSCR+2TVeJyXcigfYOMHkt85ddgki/TrfZYHPEMjLDyC9B\nGyA8LOT9vE0x1pQKLu9WxZ8lOvNm0p/jPwcUBe2+WxvR1yvjn7ZsQ9i0RjG72izA\ni0A4d0pLHuI1dd9T+RClGYSNiHKa0iOSBlkcNIqdApXwhvfOcGA3iYUCgYEA9nKb\nDjz7/vL8dKD3jSRvrG9xsi1lHECU7h3Slt0Auz1fylkwq4SHbxdNsZOr1X1UZun4\nnqOHA0lgFAVC+tjnJ0yao0q4zcdvdR5+UgCg4YNoFnAchEUnCqQpOe3mYdqfBeTx\nz5cTUDsKI3imCKHHP3vzXjPpKhmVM5ihNC0LA88CgYEAh3Iju2GvEBd7sMhKfneO\nWTJU5EUF+GW7ENkFQyIsmIu4xZ+eZYOdCloO8M/ki8sPfLXZSaBeUzFp7g7M/QaS\nb39hfUfoaHrEJJSS7pXqqO6LPqf8cHZ2W4AuAUKoMRMhK9Ivd+mt3m8skCnt3Ulu\n21F+7VLXmB3g7xuPHaGXnUkCgYBay7RmlX892aW7DkbF4EOoYtKfk2vp8b0s0R3x\n6PBJC36MHTn6JvSCsDI2lzI6kFcVJ2QqhhLK2jCkj5+yrVDUQLvEJ1ZYsf5VRuvB\nKGwdSX2CrsFC1fthR0PNDOHQ8WufD08rbPx3lZjRorSA/6FZuT/bWAKyOQSoIrZZ\nc7LYLwKBgQCZH51vwY2nA6lFb5ONuRzglOXiJO2JCl4SXKV8W4gLFsc7h48/S82u\nxvjuMiFxQ9GgrDatiBY+ngcfrsTlrsoUH4yc4QZLfkSn4j8W+ryryuH4esPBq2hg\n8aWfFIB41GW8+mvt02oshbRxcVSheMJWqHOz3H4jgoih/cf9XYHLww==\n-----END RSA PRIVATE KEY-----\n",
            "renewal_eligibility": "INELIGIBLE",
            "renewal_summary": [],
            "status": "ISSUED",
            "subject_alternative_names": [
              "evvo.ezero.in"
            ],
            "tags": null,
            "tags_all": {},
            "type": "IMPORTED",
            "validation_emails": [],
            "validation_method": "NONE",
            "validation_option": []
          },
          "sensitive_attributes": [
            [
              {
                "type": "get_attr",
                "value": "private_key"
              }
            ]
          ],
          "private": "bnVsbA==",
          "dependencies": [
            "tls_private_key.alb_key",
            "tls_self_signed_cert.alb_cert"
          ]
        }
      ]
    },
    {
      "mode": "managed",
      "type": "aws_ecs_cluster",
      "name": "cluster",
      "provider": "provider[\"registry.terraform.io/hashicorp/aws\"]",
      "instances": [
        {
          "schema_version": 0,
          "attributes": {
            "arn": "arn:aws:ecs:us-east-1:036995574025:cluster/evvo-cluster",
            "configuration": [],
            "id": "arn:aws:ecs:us-east-1:036995574025:cluster/evvo-cluster",
            "name": "evvo-cluster",
            "service_connect_defaults": [],
            "setting": [
              {
                "name": "containerInsights",
                "value": "disabled"
              }
            ],
            "tags": null,
            "tags_all": {}
          },
          "sensitive_attributes": [],
          "private": "bnVsbA=="
        }
      ]
    },
    {
      "mode": "managed",
      "type": "aws_ecs_service",
      "name": "service",
      "provider": "provider[\"registry.terraform.io/hashicorp/aws\"]",
      "instances": [
        {
          "schema_version": 1,
          "attributes": {
            "alarms": [],
            "availability_zone_rebalancing": "DISABLED",
            "capacity_provider_strategy": [],
            "cluster": "arn:aws:ecs:us-east-1:036995574025:cluster/evvo-cluster",
            "deployment_circuit_breaker": [
              {
                "enable": false,
                "rollback": false
              }
            ],
            "deployment_controller": [
              {
                "type": "ECS"
              }
            ],
            "deployment_maximum_percent": 200,
            "deployment_minimum_healthy_percent": 100,
            "desired_count": 2,
            "enable_ecs_managed_tags": false,
            "enable_execute_command": false,
            "force_delete": null,
            "force_new_deployment": null,
            "health_check_grace_period_seconds": 0,
            "iam_role": "/aws-service-role/ecs.amazonaws.com/AWSServiceRoleForECS",
            "id": "arn:aws:ecs:us-east-1:036995574025:service/evvo-cluster/evvo-service",
            "launch_type": "FARGATE",
            "load_balancer": [
              {
                "container_name": "evvo",
                "container_port": 3000,
                "elb_name": "",
                "target_group_arn": "arn:aws:elasticloadbalancing:us-east-1:036995574025:targetgroup/app-tg/4c2e9de3baea459d"
              }
            ],
            "name": "evvo-service",
            "network_configuration": [
              {
                "assign_public_ip": false,
                "security_groups": [
                  "sg-0e83ddd657b757608"
                ],
                "subnets": [
                  "subnet-00885f2d5f07b40eb",
                  "subnet-0136388b079c1203d"
                ]
              }
            ],
            "ordered_placement_strategy": [],
            "placement_constraints": [],
            "platform_version": "LATEST",
            "propagate_tags": "NONE",
            "scheduling_strategy": "REPLICA",
            "service_connect_configuration": [],
            "service_registries": [],
            "tags": null,
            "tags_all": {},
            "task_definition": "arn:aws:ecs:us-east-1:036995574025:task-definition/evvo-task:6",
            "timeouts": null,
            "triggers": {},
            "volume_configuration": [],
            "vpc_lattice_configurations": [],
            "wait_for_steady_state": false
          },
          "sensitive_attributes": [],
          "private": "eyJlMmJmYjczMC1lY2FhLTExZTYtOGY4OC0zNDM2M2JjN2M0YzAiOnsiY3JlYXRlIjoxMjAwMDAwMDAwMDAwLCJkZWxldGUiOjEyMDAwMDAwMDAwMDAsInVwZGF0ZSI6MTIwMDAwMDAwMDAwMH0sInNjaGVtYV92ZXJzaW9uIjoiMSJ9",
          "dependencies": [
            "aws_acm_certificate.imported_cert",
            "aws_ecs_cluster.cluster",
            "aws_ecs_task_definition.evvo",
            "aws_lb.app_alb",
            "aws_lb_listener.https_listener",
            "aws_lb_target_group.app_tg",
            "aws_security_group.alb_sg",
            "aws_security_group.ecs_sg",
            "aws_subnet.private_a",
            "aws_subnet.private_b",
            "aws_subnet.public_a",
            "aws_subnet.public_b",
            "aws_vpc.main",
            "tls_private_key.alb_key",
            "tls_self_signed_cert.alb_cert"
          ]
        }
      ]
    },
    {
      "mode": "managed",
      "type": "aws_ecs_task_definition",
      "name": "evvo",
      "provider": "provider[\"registry.terraform.io/hashicorp/aws\"]",
      "instances": [
        {
          "schema_version": 1,
          "attributes": {
            "arn": "arn:aws:ecs:us-east-1:036995574025:task-definition/evvo-task:6",
            "arn_without_revision": "arn:aws:ecs:us-east-1:036995574025:task-definition/evvo-task",
            "container_definitions": "[{\"environment\":[],\"essential\":true,\"image\":\"syedimran18/timeoff-management:latest\",\"mountPoints\":[],\"name\":\"evvo\",\"portMappings\":[{\"containerPort\":3000,\"hostPort\":3000,\"protocol\":\"tcp\"}],\"systemControls\":[],\"volumesFrom\":[]}]",
            "cpu": "512",
            "enable_fault_injection": false,
            "ephemeral_storage": [],
            "execution_role_arn": "",
            "family": "evvo-task",
            "id": "evvo-task",
            "inference_accelerator": [],
            "ipc_mode": "",
            "memory": "1024",
            "network_mode": "awsvpc",
            "pid_mode": "",
            "placement_constraints": [],
            "proxy_configuration": [],
            "requires_compatibilities": [
              "FARGATE"
            ],
            "revision": 6,
            "runtime_platform": [],
            "skip_destroy": false,
            "tags": null,
            "tags_all": {},
            "task_role_arn": "",
            "track_latest": false,
            "volume": []
          },
          "sensitive_attributes": [],
          "private": "eyJzY2hlbWFfdmVyc2lvbiI6IjEifQ=="
        }
      ]
    },
    {
      "mode": "managed",
      "type": "aws_eip",
      "name": "nat_eip_a",
      "provider": "provider[\"registry.terraform.io/hashicorp/aws\"]",
      "instances": [
        {
          "schema_version": 0,
          "attributes": {
            "address": null,
            "allocation_id": "eipalloc-0be58f8052d839713",
            "arn": "arn:aws:ec2:us-east-1:036995574025:elastic-ip/eipalloc-0be58f8052d839713",
            "associate_with_private_ip": null,
            "association_id": "",
            "carrier_ip": "",
            "customer_owned_ip": "",
            "customer_owned_ipv4_pool": "",
            "domain": "vpc",
            "id": "eipalloc-0be58f8052d839713",
            "instance": "",
            "ipam_pool_id": null,
            "network_border_group": "us-east-1",
            "network_interface": "",
            "private_dns": null,
            "private_ip": "",
            "ptr_record": "",
            "public_dns": "ec2-54-227-69-183.compute-1.amazonaws.com",
            "public_ip": "54.227.69.183",
            "public_ipv4_pool": "amazon",
            "tags": null,
            "tags_all": {},
            "timeouts": null,
            "vpc": true
          },
          "sensitive_attributes": [],
          "private": "eyJlMmJmYjczMC1lY2FhLTExZTYtOGY4OC0zNDM2M2JjN2M0YzAiOnsiZGVsZXRlIjoxODAwMDAwMDAwMDAsInJlYWQiOjkwMDAwMDAwMDAwMCwidXBkYXRlIjozMDAwMDAwMDAwMDB9fQ=="
        }
      ]
    },
    {
      "mode": "managed",
      "type": "aws_eip",
      "name": "nat_eip_b",
      "provider": "provider[\"registry.terraform.io/hashicorp/aws\"]",
      "instances": [
        {
          "schema_version": 0,
          "attributes": {
            "address": null,
            "allocation_id": "eipalloc-07dd8c9d35847a3dc",
            "arn": "arn:aws:ec2:us-east-1:036995574025:elastic-ip/eipalloc-07dd8c9d35847a3dc",
            "associate_with_private_ip": null,
            "association_id": "",
            "carrier_ip": "",
            "customer_owned_ip": "",
            "customer_owned_ipv4_pool": "",
            "domain": "vpc",
            "id": "eipalloc-07dd8c9d35847a3dc",
            "instance": "",
            "ipam_pool_id": null,
            "network_border_group": "us-east-1",
            "network_interface": "",
            "private_dns": null,
            "private_ip": "",
            "ptr_record": "",
            "public_dns": "ec2-54-164-46-27.compute-1.amazonaws.com",
            "public_ip": "54.164.46.27",
            "public_ipv4_pool": "amazon",
            "tags": null,
            "tags_all": {},
            "timeouts": null,
            "vpc": true
          },
          "sensitive_attributes": [],
          "private": "eyJlMmJmYjczMC1lY2FhLTExZTYtOGY4OC0zNDM2M2JjN2M0YzAiOnsiZGVsZXRlIjoxODAwMDAwMDAwMDAsInJlYWQiOjkwMDAwMDAwMDAwMCwidXBkYXRlIjozMDAwMDAwMDAwMDB9fQ=="
        }
      ]
    },
    {
      "mode": "managed",
      "type": "aws_internet_gateway",
      "name": "igw",
      "provider": "provider[\"registry.terraform.io/hashicorp/aws\"]",
      "instances": [
        {
          "schema_version": 0,
          "attributes": {
            "arn": "arn:aws:ec2:us-east-1:036995574025:internet-gateway/igw-0d44750948abbfaee",
            "id": "igw-0d44750948abbfaee",
            "owner_id": "036995574025",
            "tags": {
              "Name": "main-igw"
            },
            "tags_all": {
              "Name": "main-igw"
            },
            "timeouts": null,
            "vpc_id": "vpc-0a255e1e1719d1037"
          },
          "sensitive_attributes": [],
          "private": "eyJlMmJmYjczMC1lY2FhLTExZTYtOGY4OC0zNDM2M2JjN2M0YzAiOnsiY3JlYXRlIjoxMjAwMDAwMDAwMDAwLCJkZWxldGUiOjEyMDAwMDAwMDAwMDAsInVwZGF0ZSI6MTIwMDAwMDAwMDAwMH19",
          "dependencies": [
            "aws_vpc.main"
          ]
        }
      ]
    },
    {
      "mode": "managed",
      "type": "aws_lb",
      "name": "app_alb",
      "provider": "provider[\"registry.terraform.io/hashicorp/aws\"]",
      "instances": [
        {
          "schema_version": 0,
          "attributes": {
            "access_logs": [
              {
                "bucket": "",
                "enabled": false,
                "prefix": ""
              }
            ],
            "arn": "arn:aws:elasticloadbalancing:us-east-1:036995574025:loadbalancer/app/app-alb/81f84fc523cf2c8d",
            "arn_suffix": "app/app-alb/81f84fc523cf2c8d",
            "client_keep_alive": 3600,
            "connection_logs": [
              {
                "bucket": "",
                "enabled": false,
                "prefix": ""
              }
            ],
            "customer_owned_ipv4_pool": "",
            "desync_mitigation_mode": "defensive",
            "dns_name": "app-alb-1411199282.us-east-1.elb.amazonaws.com",
            "dns_record_client_routing_policy": null,
            "drop_invalid_header_fields": false,
            "enable_cross_zone_load_balancing": true,
            "enable_deletion_protection": false,
            "enable_http2": true,
            "enable_tls_version_and_cipher_suite_headers": false,
            "enable_waf_fail_open": false,
            "enable_xff_client_port": false,
            "enable_zonal_shift": false,
            "enforce_security_group_inbound_rules_on_private_link_traffic": "",
            "id": "arn:aws:elasticloadbalancing:us-east-1:036995574025:loadbalancer/app/app-alb/81f84fc523cf2c8d",
            "idle_timeout": 60,
            "internal": false,
            "ip_address_type": "ipv4",
            "load_balancer_type": "application",
            "name": "app-alb",
            "name_prefix": "",
            "preserve_host_header": false,
            "security_groups": [
              "sg-0aa6ac6ee4e54dee8"
            ],
            "subnet_mapping": [
              {
                "allocation_id": "",
                "ipv6_address": "",
                "outpost_id": "",
                "private_ipv4_address": "",
                "subnet_id": "subnet-0313e0ab09ade7f16"
              },
              {
                "allocation_id": "",
                "ipv6_address": "",
                "outpost_id": "",
                "private_ipv4_address": "",
                "subnet_id": "subnet-0d8d95c4c22301d88"
              }
            ],
            "subnets": [
              "subnet-0313e0ab09ade7f16",
              "subnet-0d8d95c4c22301d88"
            ],
            "tags": {
              "Name": "app-alb"
            },
            "tags_all": {
              "Name": "app-alb"
            },
            "timeouts": null,
            "vpc_id": "vpc-0a255e1e1719d1037",
            "xff_header_processing_mode": "append",
            "zone_id": "Z35SXDOTRQ7X7K"
          },
          "sensitive_attributes": [],
          "private": "eyJlMmJmYjczMC1lY2FhLTExZTYtOGY4OC0zNDM2M2JjN2M0YzAiOnsiY3JlYXRlIjo2MDAwMDAwMDAwMDAsImRlbGV0ZSI6NjAwMDAwMDAwMDAwLCJ1cGRhdGUiOjYwMDAwMDAwMDAwMH19",
          "dependencies": [
            "aws_security_group.alb_sg",
            "aws_subnet.public_a",
            "aws_subnet.public_b",
            "aws_vpc.main"
          ]
        }
      ]
    },
    {
      "mode": "managed",
      "type": "aws_lb_listener",
      "name": "http_listener",
      "provider": "provider[\"registry.terraform.io/hashicorp/aws\"]",
      "instances": [
        {
          "schema_version": 0,
          "attributes": {
            "alpn_policy": null,
            "arn": "arn:aws:elasticloadbalancing:us-east-1:036995574025:listener/app/app-alb/81f84fc523cf2c8d/30484959e2ea339b",
            "certificate_arn": null,
            "default_action": [
              {
                "authenticate_cognito": [],
                "authenticate_oidc": [],
                "fixed_response": [],
                "forward": [],
                "order": 1,
                "redirect": [
                  {
                    "host": "#{host}",
                    "path": "/#{path}",
                    "port": "443",
                    "protocol": "HTTPS",
                    "query": "#{query}",
                    "status_code": "HTTP_301"
                  }
                ],
                "target_group_arn": "",
                "type": "redirect"
              }
            ],
            "id": "arn:aws:elasticloadbalancing:us-east-1:036995574025:listener/app/app-alb/81f84fc523cf2c8d/30484959e2ea339b",
            "load_balancer_arn": "arn:aws:elasticloadbalancing:us-east-1:036995574025:loadbalancer/app/app-alb/81f84fc523cf2c8d",
            "mutual_authentication": [],
            "port": 80,
            "protocol": "HTTP",
            "routing_http_request_x_amzn_mtls_clientcert_header_name": null,
            "routing_http_request_x_amzn_mtls_clientcert_issuer_header_name": null,
            "routing_http_request_x_amzn_mtls_clientcert_leaf_header_name": null,
            "routing_http_request_x_amzn_mtls_clientcert_serial_number_header_name": null,
            "routing_http_request_x_amzn_mtls_clientcert_subject_header_name": null,
            "routing_http_request_x_amzn_mtls_clientcert_validity_header_name": null,
            "routing_http_request_x_amzn_tls_cipher_suite_header_name": null,
            "routing_http_request_x_amzn_tls_version_header_name": null,
            "routing_http_response_access_control_allow_credentials_header_value": "",
            "routing_http_response_access_control_allow_headers_header_value": "",
            "routing_http_response_access_control_allow_methods_header_value": "",
            "routing_http_response_access_control_allow_origin_header_value": "",
            "routing_http_response_access_control_expose_headers_header_value": "",
            "routing_http_response_access_control_max_age_header_value": "",
            "routing_http_response_content_security_policy_header_value": "",
            "routing_http_response_server_enabled": false,
            "routing_http_response_strict_transport_security_header_value": "",
            "routing_http_response_x_content_type_options_header_value": "",
            "routing_http_response_x_frame_options_header_value": "",
            "ssl_policy": "",
            "tags": null,
            "tags_all": {},
            "tcp_idle_timeout_seconds": null,
            "timeouts": null
          },
          "sensitive_attributes": [],
          "private": "eyJlMmJmYjczMC1lY2FhLTExZTYtOGY4OC0zNDM2M2JjN2M0YzAiOnsiY3JlYXRlIjozMDAwMDAwMDAwMDAsInVwZGF0ZSI6MzAwMDAwMDAwMDAwfX0=",
          "dependencies": [
            "aws_lb.app_alb",
            "aws_security_group.alb_sg",
            "aws_subnet.public_a",
            "aws_subnet.public_b",
            "aws_vpc.main"
          ]
        }
      ]
    },
    {
      "mode": "managed",
      "type": "aws_lb_listener",
      "name": "https_listener",
      "provider": "provider[\"registry.terraform.io/hashicorp/aws\"]",
      "instances": [
        {
          "schema_version": 0,
          "attributes": {
            "alpn_policy": null,
            "arn": "arn:aws:elasticloadbalancing:us-east-1:036995574025:listener/app/app-alb/81f84fc523cf2c8d/9ffdc18fa495c13d",
            "certificate_arn": "arn:aws:acm:us-east-1:036995574025:certificate/727b31c3-148e-4c23-b5a0-dd71ef663d2f",
            "default_action": [
              {
                "authenticate_cognito": [],
                "authenticate_oidc": [],
                "fixed_response": [],
                "forward": [],
                "order": 1,
                "redirect": [],
                "target_group_arn": "arn:aws:elasticloadbalancing:us-east-1:036995574025:targetgroup/app-tg/4c2e9de3baea459d",
                "type": "forward"
              }
            ],
            "id": "arn:aws:elasticloadbalancing:us-east-1:036995574025:listener/app/app-alb/81f84fc523cf2c8d/9ffdc18fa495c13d",
            "load_balancer_arn": "arn:aws:elasticloadbalancing:us-east-1:036995574025:loadbalancer/app/app-alb/81f84fc523cf2c8d",
            "mutual_authentication": [
              {
                "advertise_trust_store_ca_names": "",
                "ignore_client_certificate_expiry": false,
                "mode": "off",
                "trust_store_arn": ""
              }
            ],
            "port": 443,
            "protocol": "HTTPS",
            "routing_http_request_x_amzn_mtls_clientcert_header_name": "",
            "routing_http_request_x_amzn_mtls_clientcert_issuer_header_name": "",
            "routing_http_request_x_amzn_mtls_clientcert_leaf_header_name": "",
            "routing_http_request_x_amzn_mtls_clientcert_serial_number_header_name": "",
            "routing_http_request_x_amzn_mtls_clientcert_subject_header_name": "",
            "routing_http_request_x_amzn_mtls_clientcert_validity_header_name": "",
            "routing_http_request_x_amzn_tls_cipher_suite_header_name": "",
            "routing_http_request_x_amzn_tls_version_header_name": "",
            "routing_http_response_access_control_allow_credentials_header_value": "",
            "routing_http_response_access_control_allow_headers_header_value": "",
            "routing_http_response_access_control_allow_methods_header_value": "",
            "routing_http_response_access_control_allow_origin_header_value": "",
            "routing_http_response_access_control_expose_headers_header_value": "",
            "routing_http_response_access_control_max_age_header_value": "",
            "routing_http_response_content_security_policy_header_value": "",
            "routing_http_response_server_enabled": false,
            "routing_http_response_strict_transport_security_header_value": "",
            "routing_http_response_x_content_type_options_header_value": "",
            "routing_http_response_x_frame_options_header_value": "",
            "ssl_policy": "ELBSecurityPolicy-2016-08",
            "tags": null,
            "tags_all": {},
            "tcp_idle_timeout_seconds": null,
            "timeouts": null
          },
          "sensitive_attributes": [],
          "private": "eyJlMmJmYjczMC1lY2FhLTExZTYtOGY4OC0zNDM2M2JjN2M0YzAiOnsiY3JlYXRlIjozMDAwMDAwMDAwMDAsInVwZGF0ZSI6MzAwMDAwMDAwMDAwfX0=",
          "dependencies": [
            "aws_acm_certificate.imported_cert",
            "aws_lb.app_alb",
            "aws_lb_target_group.app_tg",
            "aws_security_group.alb_sg",
            "aws_subnet.public_a",
            "aws_subnet.public_b",
            "aws_vpc.main",
            "tls_private_key.alb_key",
            "tls_self_signed_cert.alb_cert"
          ]
        }
      ]
    },
    {
      "mode": "managed",
      "type": "aws_lb_target_group",
      "name": "app_tg",
      "provider": "provider[\"registry.terraform.io/hashicorp/aws\"]",
      "instances": [
        {
          "schema_version": 0,
          "attributes": {
            "arn": "arn:aws:elasticloadbalancing:us-east-1:036995574025:targetgroup/app-tg/4c2e9de3baea459d",
            "arn_suffix": "targetgroup/app-tg/4c2e9de3baea459d",
            "connection_termination": null,
            "deregistration_delay": "300",
            "health_check": [
              {
                "enabled": true,
                "healthy_threshold": 3,
                "interval": 30,
                "matcher": "200-399",
                "path": "/",
                "port": "traffic-port",
                "protocol": "HTTP",
                "timeout": 5,
                "unhealthy_threshold": 3
              }
            ],
            "id": "arn:aws:elasticloadbalancing:us-east-1:036995574025:targetgroup/app-tg/4c2e9de3baea459d",
            "ip_address_type": "ipv4",
            "lambda_multi_value_headers_enabled": false,
            "load_balancer_arns": [],
            "load_balancing_algorithm_type": "round_robin",
            "load_balancing_anomaly_mitigation": "off",
            "load_balancing_cross_zone_enabled": "use_load_balancer_configuration",
            "name": "app-tg",
            "name_prefix": "",
            "port": 3000,
            "preserve_client_ip": null,
            "protocol": "HTTP",
            "protocol_version": "HTTP1",
            "proxy_protocol_v2": false,
            "slow_start": 0,
            "stickiness": [
              {
                "cookie_duration": 86400,
                "cookie_name": "",
                "enabled": false,
                "type": "lb_cookie"
              }
            ],
            "tags": {
              "Name": "app-tg"
            },
            "tags_all": {
              "Name": "app-tg"
            },
            "target_failover": [
              {
                "on_deregistration": null,
                "on_unhealthy": null
              }
            ],
            "target_group_health": [
              {
                "dns_failover": [
                  {
                    "minimum_healthy_targets_count": "1",
                    "minimum_healthy_targets_percentage": "off"
                  }
                ],
                "unhealthy_state_routing": [
                  {
                    "minimum_healthy_targets_count": 1,
                    "minimum_healthy_targets_percentage": "off"
                  }
                ]
              }
            ],
            "target_health_state": [
              {
                "enable_unhealthy_connection_termination": null,
                "unhealthy_draining_interval": null
              }
            ],
            "target_type": "ip",
            "vpc_id": "vpc-0a255e1e1719d1037"
          },
          "sensitive_attributes": [],
          "private": "bnVsbA==",
          "dependencies": [
            "aws_vpc.main"
          ]
        }
      ]
    },
    {
      "mode": "managed",
      "type": "aws_nat_gateway",
      "name": "nat_a",
      "provider": "provider[\"registry.terraform.io/hashicorp/aws\"]",
      "instances": [
        {
          "schema_version": 0,
          "attributes": {
            "allocation_id": "eipalloc-0be58f8052d839713",
            "association_id": "eipassoc-0797fe9f4756c81d0",
            "connectivity_type": "public",
            "id": "nat-0c2df7dd6423f0630",
            "network_interface_id": "eni-074e5190282db8e56",
            "private_ip": "10.0.1.147",
            "public_ip": "54.227.69.183",
            "secondary_allocation_ids": null,
            "secondary_private_ip_address_count": 0,
            "secondary_private_ip_addresses": [],
            "subnet_id": "subnet-0d8d95c4c22301d88",
            "tags": {
              "Name": "nat-gateway-a"
            },
            "tags_all": {
              "Name": "nat-gateway-a"
            },
            "timeouts": null
          },
          "sensitive_attributes": [],
          "private": "eyJlMmJmYjczMC1lY2FhLTExZTYtOGY4OC0zNDM2M2JjN2M0YzAiOnsiY3JlYXRlIjo2MDAwMDAwMDAwMDAsImRlbGV0ZSI6MTgwMDAwMDAwMDAwMCwidXBkYXRlIjo2MDAwMDAwMDAwMDB9fQ==",
          "dependencies": [
            "aws_eip.nat_eip_a",
            "aws_subnet.public_a",
            "aws_vpc.main"
          ]
        }
      ]
    },
    {
      "mode": "managed",
      "type": "aws_nat_gateway",
      "name": "nat_b",
      "provider": "provider[\"registry.terraform.io/hashicorp/aws\"]",
      "instances": [
        {
          "schema_version": 0,
          "attributes": {
            "allocation_id": "eipalloc-07dd8c9d35847a3dc",
            "association_id": "eipassoc-0687d12d2b331760e",
            "connectivity_type": "public",
            "id": "nat-028170f54cc477344",
            "network_interface_id": "eni-0cc280044734ac536",
            "private_ip": "10.0.2.14",
            "public_ip": "54.164.46.27",
            "secondary_allocation_ids": null,
            "secondary_private_ip_address_count": 0,
            "secondary_private_ip_addresses": [],
            "subnet_id": "subnet-0313e0ab09ade7f16",
            "tags": {
              "Name": "nat-gateway-b"
            },
            "tags_all": {
              "Name": "nat-gateway-b"
            },
            "timeouts": null
          },
          "sensitive_attributes": [],
          "private": "eyJlMmJmYjczMC1lY2FhLTExZTYtOGY4OC0zNDM2M2JjN2M0YzAiOnsiY3JlYXRlIjo2MDAwMDAwMDAwMDAsImRlbGV0ZSI6MTgwMDAwMDAwMDAwMCwidXBkYXRlIjo2MDAwMDAwMDAwMDB9fQ==",
          "dependencies": [
            "aws_eip.nat_eip_b",
            "aws_subnet.public_b",
            "aws_vpc.main"
          ]
        }
      ]
    },
    {
      "mode": "managed",
      "type": "aws_route_table",
      "name": "private_a",
      "provider": "provider[\"registry.terraform.io/hashicorp/aws\"]",
      "instances": [
        {
          "schema_version": 0,
          "attributes": {
            "arn": "arn:aws:ec2:us-east-1:036995574025:route-table/rtb-076e474fcaea572c3",
            "id": "rtb-076e474fcaea572c3",
            "owner_id": "036995574025",
            "propagating_vgws": [],
            "route": [
              {
                "carrier_gateway_id": "",
                "cidr_block": "0.0.0.0/0",
                "core_network_arn": "",
                "destination_prefix_list_id": "",
                "egress_only_gateway_id": "",
                "gateway_id": "",
                "ipv6_cidr_block": "",
                "local_gateway_id": "",
                "nat_gateway_id": "nat-0c2df7dd6423f0630",
                "network_interface_id": "",
                "transit_gateway_id": "",
                "vpc_endpoint_id": "",
                "vpc_peering_connection_id": ""
              }
            ],
            "tags": {
              "Name": "private-rt-a"
            },
            "tags_all": {
              "Name": "private-rt-a"
            },
            "timeouts": null,
            "vpc_id": "vpc-0a255e1e1719d1037"
          },
          "sensitive_attributes": [],
          "private": "eyJlMmJmYjczMC1lY2FhLTExZTYtOGY4OC0zNDM2M2JjN2M0YzAiOnsiY3JlYXRlIjozMDAwMDAwMDAwMDAsImRlbGV0ZSI6MzAwMDAwMDAwMDAwLCJ1cGRhdGUiOjEyMDAwMDAwMDAwMH19",
          "dependencies": [
            "aws_eip.nat_eip_a",
            "aws_nat_gateway.nat_a",
            "aws_subnet.public_a",
            "aws_vpc.main"
          ]
        }
      ]
    },
    {
      "mode": "managed",
      "type": "aws_route_table",
      "name": "private_b",
      "provider": "provider[\"registry.terraform.io/hashicorp/aws\"]",
      "instances": [
        {
          "schema_version": 0,
          "attributes": {
            "arn": "arn:aws:ec2:us-east-1:036995574025:route-table/rtb-0741d1db618ec1ab0",
            "id": "rtb-0741d1db618ec1ab0",
            "owner_id": "036995574025",
            "propagating_vgws": [],
            "route": [
              {
                "carrier_gateway_id": "",
                "cidr_block": "0.0.0.0/0",
                "core_network_arn": "",
                "destination_prefix_list_id": "",
                "egress_only_gateway_id": "",
                "gateway_id": "",
                "ipv6_cidr_block": "",
                "local_gateway_id": "",
                "nat_gateway_id": "nat-028170f54cc477344",
                "network_interface_id": "",
                "transit_gateway_id": "",
                "vpc_endpoint_id": "",
                "vpc_peering_connection_id": ""
              }
            ],
            "tags": {
              "Name": "private-rt-b"
            },
            "tags_all": {
              "Name": "private-rt-b"
            },
            "timeouts": null,
            "vpc_id": "vpc-0a255e1e1719d1037"
          },
          "sensitive_attributes": [],
          "private": "eyJlMmJmYjczMC1lY2FhLTExZTYtOGY4OC0zNDM2M2JjN2M0YzAiOnsiY3JlYXRlIjozMDAwMDAwMDAwMDAsImRlbGV0ZSI6MzAwMDAwMDAwMDAwLCJ1cGRhdGUiOjEyMDAwMDAwMDAwMH19",
          "dependencies": [
            "aws_eip.nat_eip_b",
            "aws_nat_gateway.nat_b",
            "aws_subnet.public_b",
            "aws_vpc.main"
          ]
        }
      ]
    },
    {
      "mode": "managed",
      "type": "aws_route_table",
      "name": "public",
      "provider": "provider[\"registry.terraform.io/hashicorp/aws\"]",
      "instances": [
        {
          "schema_version": 0,
          "attributes": {
            "arn": "arn:aws:ec2:us-east-1:036995574025:route-table/rtb-0b542c98ba878b6c5",
            "id": "rtb-0b542c98ba878b6c5",
            "owner_id": "036995574025",
            "propagating_vgws": [],
            "route": [
              {
                "carrier_gateway_id": "",
                "cidr_block": "0.0.0.0/0",
                "core_network_arn": "",
                "destination_prefix_list_id": "",
                "egress_only_gateway_id": "",
                "gateway_id": "igw-0d44750948abbfaee",
                "ipv6_cidr_block": "",
                "local_gateway_id": "",
                "nat_gateway_id": "",
                "network_interface_id": "",
                "transit_gateway_id": "",
                "vpc_endpoint_id": "",
                "vpc_peering_connection_id": ""
              }
            ],
            "tags": {
              "Name": "public-rt"
            },
            "tags_all": {
              "Name": "public-rt"
            },
            "timeouts": null,
            "vpc_id": "vpc-0a255e1e1719d1037"
          },
          "sensitive_attributes": [],
          "private": "eyJlMmJmYjczMC1lY2FhLTExZTYtOGY4OC0zNDM2M2JjN2M0YzAiOnsiY3JlYXRlIjozMDAwMDAwMDAwMDAsImRlbGV0ZSI6MzAwMDAwMDAwMDAwLCJ1cGRhdGUiOjEyMDAwMDAwMDAwMH19",
          "dependencies": [
            "aws_internet_gateway.igw",
            "aws_vpc.main"
          ]
        }
      ]
    },
    {
      "mode": "managed",
      "type": "aws_route_table_association",
      "name": "private_a",
      "provider": "provider[\"registry.terraform.io/hashicorp/aws\"]",
      "instances": [
        {
          "schema_version": 0,
          "attributes": {
            "gateway_id": "",
            "id": "rtbassoc-0183c3ab87773332d",
            "route_table_id": "rtb-076e474fcaea572c3",
            "subnet_id": "subnet-0136388b079c1203d",
            "timeouts": null
          },
          "sensitive_attributes": [],
          "private": "eyJlMmJmYjczMC1lY2FhLTExZTYtOGY4OC0zNDM2M2JjN2M0YzAiOnsiY3JlYXRlIjozMDAwMDAwMDAwMDAsImRlbGV0ZSI6MzAwMDAwMDAwMDAwLCJ1cGRhdGUiOjEyMDAwMDAwMDAwMH19",
          "dependencies": [
            "aws_eip.nat_eip_a",
            "aws_nat_gateway.nat_a",
            "aws_route_table.private_a",
            "aws_subnet.private_a",
            "aws_subnet.public_a",
            "aws_vpc.main"
          ]
        }
      ]
    },
    {
      "mode": "managed",
      "type": "aws_route_table_association",
      "name": "private_b",
      "provider": "provider[\"registry.terraform.io/hashicorp/aws\"]",
      "instances": [
        {
          "schema_version": 0,
          "attributes": {
            "gateway_id": "",
            "id": "rtbassoc-0c449ea7b7b6e45ce",
            "route_table_id": "rtb-0741d1db618ec1ab0",
            "subnet_id": "subnet-00885f2d5f07b40eb",
            "timeouts": null
          },
          "sensitive_attributes": [],
          "private": "eyJlMmJmYjczMC1lY2FhLTExZTYtOGY4OC0zNDM2M2JjN2M0YzAiOnsiY3JlYXRlIjozMDAwMDAwMDAwMDAsImRlbGV0ZSI6MzAwMDAwMDAwMDAwLCJ1cGRhdGUiOjEyMDAwMDAwMDAwMH19",
          "dependencies": [
            "aws_eip.nat_eip_b",
            "aws_nat_gateway.nat_b",
            "aws_route_table.private_b",
            "aws_subnet.private_b",
            "aws_subnet.public_b",
            "aws_vpc.main"
          ]
        }
      ]
    },
    {
      "mode": "managed",
      "type": "aws_route_table_association",
      "name": "public_a",
      "provider": "provider[\"registry.terraform.io/hashicorp/aws\"]",
      "instances": [
        {
          "schema_version": 0,
          "attributes": {
            "gateway_id": "",
            "id": "rtbassoc-0a8597d28e9704a38",
            "route_table_id": "rtb-0b542c98ba878b6c5",
            "subnet_id": "subnet-0d8d95c4c22301d88",
            "timeouts": null
          },
          "sensitive_attributes": [],
          "private": "eyJlMmJmYjczMC1lY2FhLTExZTYtOGY4OC0zNDM2M2JjN2M0YzAiOnsiY3JlYXRlIjozMDAwMDAwMDAwMDAsImRlbGV0ZSI6MzAwMDAwMDAwMDAwLCJ1cGRhdGUiOjEyMDAwMDAwMDAwMH19",
          "dependencies": [
            "aws_internet_gateway.igw",
            "aws_route_table.public",
            "aws_subnet.public_a",
            "aws_vpc.main"
          ]
        }
      ]
    },
    {
      "mode": "managed",
      "type": "aws_route_table_association",
      "name": "public_b",
      "provider": "provider[\"registry.terraform.io/hashicorp/aws\"]",
      "instances": [
        {
          "schema_version": 0,
          "attributes": {
            "gateway_id": "",
            "id": "rtbassoc-02dc396a1a39e6da8",
            "route_table_id": "rtb-0b542c98ba878b6c5",
            "subnet_id": "subnet-0313e0ab09ade7f16",
            "timeouts": null
          },
          "sensitive_attributes": [],
          "private": "eyJlMmJmYjczMC1lY2FhLTExZTYtOGY4OC0zNDM2M2JjN2M0YzAiOnsiY3JlYXRlIjozMDAwMDAwMDAwMDAsImRlbGV0ZSI6MzAwMDAwMDAwMDAwLCJ1cGRhdGUiOjEyMDAwMDAwMDAwMH19",
          "dependencies": [
            "aws_internet_gateway.igw",
            "aws_route_table.public",
            "aws_subnet.public_b",
            "aws_vpc.main"
          ]
        }
      ]
    },
    {
      "mode": "managed",
      "type": "aws_security_group",
      "name": "alb_sg",
      "provider": "provider[\"registry.terraform.io/hashicorp/aws\"]",
      "instances": [
        {
          "schema_version": 1,
          "attributes": {
            "arn": "arn:aws:ec2:us-east-1:036995574025:security-group/sg-0aa6ac6ee4e54dee8",
            "description": "Security group for ALB",
            "egress": [
              {
                "cidr_blocks": [
                  "0.0.0.0/0"
                ],
                "description": "Allow all outbound",
                "from_port": 0,
                "ipv6_cidr_blocks": [],
                "prefix_list_ids": [],
                "protocol": "-1",
                "security_groups": [],
                "self": false,
                "to_port": 0
              }
            ],
            "id": "sg-0aa6ac6ee4e54dee8",
            "ingress": [
              {
                "cidr_blocks": [
                  "0.0.0.0/0"
                ],
                "description": "Allow HTTP",
                "from_port": 80,
                "ipv6_cidr_blocks": [],
                "prefix_list_ids": [],
                "protocol": "tcp",
                "security_groups": [],
                "self": false,
                "to_port": 80
              },
              {
                "cidr_blocks": [
                  "0.0.0.0/0"
                ],
                "description": "Allow HTTPS",
                "from_port": 443,
                "ipv6_cidr_blocks": [],
                "prefix_list_ids": [],
                "protocol": "tcp",
                "security_groups": [],
                "self": false,
                "to_port": 443
              }
            ],
            "name": "alb-sg",
            "name_prefix": "",
            "owner_id": "036995574025",
            "revoke_rules_on_delete": false,
            "tags": {
              "Name": "alb-sg"
            },
            "tags_all": {
              "Name": "alb-sg"
            },
            "timeouts": null,
            "vpc_id": "vpc-0a255e1e1719d1037"
          },
          "sensitive_attributes": [],
          "private": "eyJlMmJmYjczMC1lY2FhLTExZTYtOGY4OC0zNDM2M2JjN2M0YzAiOnsiY3JlYXRlIjo2MDAwMDAwMDAwMDAsImRlbGV0ZSI6OTAwMDAwMDAwMDAwfSwic2NoZW1hX3ZlcnNpb24iOiIxIn0=",
          "dependencies": [
            "aws_vpc.main"
          ]
        }
      ]
    },
    {
      "mode": "managed",
      "type": "aws_security_group",
      "name": "ecs_sg",
      "provider": "provider[\"registry.terraform.io/hashicorp/aws\"]",
      "instances": [
        {
          "schema_version": 1,
          "attributes": {
            "arn": "arn:aws:ec2:us-east-1:036995574025:security-group/sg-0e83ddd657b757608",
            "description": "Security group for ECS tasks",
            "egress": [
              {
                "cidr_blocks": [
                  "0.0.0.0/0"
                ],
                "description": "Allow all outbound",
                "from_port": 0,
                "ipv6_cidr_blocks": [],
                "prefix_list_ids": [],
                "protocol": "-1",
                "security_groups": [],
                "self": false,
                "to_port": 0
              }
            ],
            "id": "sg-0e83ddd657b757608",
            "ingress": [
              {
                "cidr_blocks": [],
                "description": "Allow traffic from ALB",
                "from_port": 3000,
                "ipv6_cidr_blocks": [],
                "prefix_list_ids": [],
                "protocol": "tcp",
                "security_groups": [
                  "sg-0aa6ac6ee4e54dee8"
                ],
                "self": false,
                "to_port": 3000
              }
            ],
            "name": "ecs-sg",
            "name_prefix": "",
            "owner_id": "036995574025",
            "revoke_rules_on_delete": false,
            "tags": {
              "Name": "ecs-sg"
            },
            "tags_all": {
              "Name": "ecs-sg"
            },
            "timeouts": null,
            "vpc_id": "vpc-0a255e1e1719d1037"
          },
          "sensitive_attributes": [],
          "private": "eyJlMmJmYjczMC1lY2FhLTExZTYtOGY4OC0zNDM2M2JjN2M0YzAiOnsiY3JlYXRlIjo2MDAwMDAwMDAwMDAsImRlbGV0ZSI6OTAwMDAwMDAwMDAwfSwic2NoZW1hX3ZlcnNpb24iOiIxIn0=",
          "dependencies": [
            "aws_security_group.alb_sg",
            "aws_vpc.main"
          ]
        }
      ]
    },
    {
      "mode": "managed",
      "type": "aws_subnet",
      "name": "private_a",
      "provider": "provider[\"registry.terraform.io/hashicorp/aws\"]",
      "instances": [
        {
          "schema_version": 1,
          "attributes": {
            "arn": "arn:aws:ec2:us-east-1:036995574025:subnet/subnet-0136388b079c1203d",
            "assign_ipv6_address_on_creation": false,
            "availability_zone": "us-east-1a",
            "availability_zone_id": "use1-az4",
            "cidr_block": "10.0.101.0/24",
            "customer_owned_ipv4_pool": "",
            "enable_dns64": false,
            "enable_lni_at_device_index": 0,
            "enable_resource_name_dns_a_record_on_launch": false,
            "enable_resource_name_dns_aaaa_record_on_launch": false,
            "id": "subnet-0136388b079c1203d",
            "ipv6_cidr_block": "",
            "ipv6_cidr_block_association_id": "",
            "ipv6_native": false,
            "map_customer_owned_ip_on_launch": false,
            "map_public_ip_on_launch": false,
            "outpost_arn": "",
            "owner_id": "036995574025",
            "private_dns_hostname_type_on_launch": "ip-name",
            "tags": {
              "Name": "private-subnet-a"
            },
            "tags_all": {
              "Name": "private-subnet-a"
            },
            "timeouts": null,
            "vpc_id": "vpc-0a255e1e1719d1037"
          },
          "sensitive_attributes": [],
          "private": "eyJlMmJmYjczMC1lY2FhLTExZTYtOGY4OC0zNDM2M2JjN2M0YzAiOnsiY3JlYXRlIjo2MDAwMDAwMDAwMDAsImRlbGV0ZSI6MTIwMDAwMDAwMDAwMH0sInNjaGVtYV92ZXJzaW9uIjoiMSJ9",
          "dependencies": [
            "aws_vpc.main"
          ]
        }
      ]
    },
    {
      "mode": "managed",
      "type": "aws_subnet",
      "name": "private_b",
      "provider": "provider[\"registry.terraform.io/hashicorp/aws\"]",
      "instances": [
        {
          "schema_version": 1,
          "attributes": {
            "arn": "arn:aws:ec2:us-east-1:036995574025:subnet/subnet-00885f2d5f07b40eb",
            "assign_ipv6_address_on_creation": false,
            "availability_zone": "us-east-1b",
            "availability_zone_id": "use1-az6",
            "cidr_block": "10.0.102.0/24",
            "customer_owned_ipv4_pool": "",
            "enable_dns64": false,
            "enable_lni_at_device_index": 0,
            "enable_resource_name_dns_a_record_on_launch": false,
            "enable_resource_name_dns_aaaa_record_on_launch": false,
            "id": "subnet-00885f2d5f07b40eb",
            "ipv6_cidr_block": "",
            "ipv6_cidr_block_association_id": "",
            "ipv6_native": false,
            "map_customer_owned_ip_on_launch": false,
            "map_public_ip_on_launch": false,
            "outpost_arn": "",
            "owner_id": "036995574025",
            "private_dns_hostname_type_on_launch": "ip-name",
            "tags": {
              "Name": "private-subnet-b"
            },
            "tags_all": {
              "Name": "private-subnet-b"
            },
            "timeouts": null,
            "vpc_id": "vpc-0a255e1e1719d1037"
          },
          "sensitive_attributes": [],
          "private": "eyJlMmJmYjczMC1lY2FhLTExZTYtOGY4OC0zNDM2M2JjN2M0YzAiOnsiY3JlYXRlIjo2MDAwMDAwMDAwMDAsImRlbGV0ZSI6MTIwMDAwMDAwMDAwMH0sInNjaGVtYV92ZXJzaW9uIjoiMSJ9",
          "dependencies": [
            "aws_vpc.main"
          ]
        }
      ]
    },
    {
      "mode": "managed",
      "type": "aws_subnet",
      "name": "public_a",
      "provider": "provider[\"registry.terraform.io/hashicorp/aws\"]",
      "instances": [
        {
          "schema_version": 1,
          "attributes": {
            "arn": "arn:aws:ec2:us-east-1:036995574025:subnet/subnet-0d8d95c4c22301d88",
            "assign_ipv6_address_on_creation": false,
            "availability_zone": "us-east-1a",
            "availability_zone_id": "use1-az4",
            "cidr_block": "10.0.1.0/24",
            "customer_owned_ipv4_pool": "",
            "enable_dns64": false,
            "enable_lni_at_device_index": 0,
            "enable_resource_name_dns_a_record_on_launch": false,
            "enable_resource_name_dns_aaaa_record_on_launch": false,
            "id": "subnet-0d8d95c4c22301d88",
            "ipv6_cidr_block": "",
            "ipv6_cidr_block_association_id": "",
            "ipv6_native": false,
            "map_customer_owned_ip_on_launch": false,
            "map_public_ip_on_launch": true,
            "outpost_arn": "",
            "owner_id": "036995574025",
            "private_dns_hostname_type_on_launch": "ip-name",
            "tags": {
              "Name": "public-subnet-a"
            },
            "tags_all": {
              "Name": "public-subnet-a"
            },
            "timeouts": null,
            "vpc_id": "vpc-0a255e1e1719d1037"
          },
          "sensitive_attributes": [],
          "private": "eyJlMmJmYjczMC1lY2FhLTExZTYtOGY4OC0zNDM2M2JjN2M0YzAiOnsiY3JlYXRlIjo2MDAwMDAwMDAwMDAsImRlbGV0ZSI6MTIwMDAwMDAwMDAwMH0sInNjaGVtYV92ZXJzaW9uIjoiMSJ9",
          "dependencies": [
            "aws_vpc.main"
          ]
        }
      ]
    },
    {
      "mode": "managed",
      "type": "aws_subnet",
      "name": "public_b",
      "provider": "provider[\"registry.terraform.io/hashicorp/aws\"]",
      "instances": [
        {
          "schema_version": 1,
          "attributes": {
            "arn": "arn:aws:ec2:us-east-1:036995574025:subnet/subnet-0313e0ab09ade7f16",
            "assign_ipv6_address_on_creation": false,
            "availability_zone": "us-east-1b",
            "availability_zone_id": "use1-az6",
            "cidr_block": "10.0.2.0/24",
            "customer_owned_ipv4_pool": "",
            "enable_dns64": false,
            "enable_lni_at_device_index": 0,
            "enable_resource_name_dns_a_record_on_launch": false,
            "enable_resource_name_dns_aaaa_record_on_launch": false,
            "id": "subnet-0313e0ab09ade7f16",
            "ipv6_cidr_block": "",
            "ipv6_cidr_block_association_id": "",
            "ipv6_native": false,
            "map_customer_owned_ip_on_launch": false,
            "map_public_ip_on_launch": true,
            "outpost_arn": "",
            "owner_id": "036995574025",
            "private_dns_hostname_type_on_launch": "ip-name",
            "tags": {
              "Name": "public-subnet-b"
            },
            "tags_all": {
              "Name": "public-subnet-b"
            },
            "timeouts": null,
            "vpc_id": "vpc-0a255e1e1719d1037"
          },
          "sensitive_attributes": [],
          "private": "eyJlMmJmYjczMC1lY2FhLTExZTYtOGY4OC0zNDM2M2JjN2M0YzAiOnsiY3JlYXRlIjo2MDAwMDAwMDAwMDAsImRlbGV0ZSI6MTIwMDAwMDAwMDAwMH0sInNjaGVtYV92ZXJzaW9uIjoiMSJ9",
          "dependencies": [
            "aws_vpc.main"
          ]
        }
      ]
    },
    {
      "mode": "managed",
      "type": "aws_vpc",
      "name": "main",
      "provider": "provider[\"registry.terraform.io/hashicorp/aws\"]",
      "instances": [
        {
          "schema_version": 1,
          "attributes": {
            "arn": "arn:aws:ec2:us-east-1:036995574025:vpc/vpc-0a255e1e1719d1037",
            "assign_generated_ipv6_cidr_block": false,
            "cidr_block": "10.0.0.0/16",
            "default_network_acl_id": "acl-013a1c2ec2c32b5e4",
            "default_route_table_id": "rtb-0de19814001fd00d6",
            "default_security_group_id": "sg-0398af3624b8bee4b",
            "dhcp_options_id": "dopt-0a3cd006954008d90",
            "enable_dns_hostnames": true,
            "enable_dns_support": true,
            "enable_network_address_usage_metrics": false,
            "id": "vpc-0a255e1e1719d1037",
            "instance_tenancy": "default",
            "ipv4_ipam_pool_id": null,
            "ipv4_netmask_length": null,
            "ipv6_association_id": "",
            "ipv6_cidr_block": "",
            "ipv6_cidr_block_network_border_group": "",
            "ipv6_ipam_pool_id": "",
            "ipv6_netmask_length": 0,
            "main_route_table_id": "rtb-0de19814001fd00d6",
            "owner_id": "036995574025",
            "tags": {
              "Name": "main-vpc"
            },
            "tags_all": {
              "Name": "main-vpc"
            }
          },
          "sensitive_attributes": [],
          "private": "eyJzY2hlbWFfdmVyc2lvbiI6IjEifQ=="
        }
      ]
    },
    {
      "mode": "managed",
      "type": "tls_private_key",
      "name": "alb_key",
      "provider": "provider[\"registry.terraform.io/hashicorp/tls\"]",
      "instances": [
        {
          "schema_version": 1,
          "attributes": {
            "algorithm": "RSA",
            "ecdsa_curve": "P224",
            "id": "afd9b0cf2dc2274bcb767b55884b2276b7f26f04",
            "private_key_openssh": "-----BEGIN OPENSSH PRIVATE KEY-----\nb3BlbnNzaC1rZXktdjEAAAAABG5vbmUAAAAEbm9uZQAAAAAAAAABAAABFwAAAAdz\nc2gtcnNhAAAAAwEAAQAAAQEA7XeU1ghkpKamnDbPBbs5Gx9+MZlzCaxKfPlldRSm\nCPJH0aMX8VZ5ua37DYbpMjbfG3PNN5XF6QPUTROOlP/WIUh4iAcVkM7zUp5JZrw6\n5fK6j77gWmbBnCz35c/KUPbzccs7kVFQxKjyGP8RjkvkO3EieEipI9UUX2nBDqNy\ngF10/7EzweAcgit/QLUNcySWIgVZFkOqd0BOkNejxpiVj6ocV4b4AkjRDTlxhNRs\nwQTU+B+RRKBMeNESBUZvdZMlpawOjNm59jHGznA2QVDLeOnJhy88Slk8cvIsyVP8\nP5qMAym5R+LrRFSRdxjZfpnkX7U79viKPyBIRbeRvTvBiwAAA7hhR55lYUeeZQAA\nAAdzc2gtcnNhAAABAQDtd5TWCGSkpqacNs8FuzkbH34xmXMJrEp8+WV1FKYI8kfR\noxfxVnm5rfsNhukyNt8bc803lcXpA9RNE46U/9YhSHiIBxWQzvNSnklmvDrl8rqP\nvuBaZsGcLPflz8pQ9vNxyzuRUVDEqPIY/xGOS+Q7cSJ4SKkj1RRfacEOo3KAXXT/\nsTPB4ByCK39AtQ1zJJYiBVkWQ6p3QE6Q16PGmJWPqhxXhvgCSNENOXGE1GzBBNT4\nH5FEoEx40RIFRm91kyWlrA6M2bn2McbOcDZBUMt46cmHLzxKWTxy8izJU/w/mowD\nKblH4utEVJF3GNl+meRftTv2+Io/IEhFt5G9O8GLAAAAAwEAAQAAAQAbc29pLp8z\nyXAJLuzPpMz9La7Q3QRHYftaZxorZq+q6RcUTN4/r9dyd4JGFgpvG5i++6wFePLf\n9Old35zj7I88WbxVPTxo+QN30YR6s9e7LUwTweT9jlNjUm91yYeBxIpv5SaFrfjA\nQyd5bEMDSBKiLHnnnb6vvboVLYx7vLlHzUzv5DL6QUDLghGffxrr4KjNSkBeuPOm\n5sF/8YADEBnWd3rFdbKFwJ5vpVRCW9HkHM41941Hx0yeKaPqmVDAgBRdzgUgtCRB\nJDuFeIDD2v4g5j5oZJpQoxK1+E3QgUP14h+OpZrzaPZ/+bYvbFCt6aJqNKxTMiVO\nrHclNaNdoFlBAAAAgQCZH51vwY2nA6lFb5ONuRzglOXiJO2JCl4SXKV8W4gLFsc7\nh48/S82uxvjuMiFxQ9GgrDatiBY+ngcfrsTlrsoUH4yc4QZLfkSn4j8W+ryryuH4\nesPBq2hg8aWfFIB41GW8+mvt02oshbRxcVSheMJWqHOz3H4jgoih/cf9XYHLwwAA\nAIEA9qvdjRtSCR+2TVeJyXcigfYOMHkt85ddgki/TrfZYHPEMjLDyC9BGyA8LOT9\nvE0x1pQKLu9WxZ8lOvNm0p/jPwcUBe2+WxvR1yvjn7ZsQ9i0RjG72izAi0A4d0pL\nHuI1dd9T+RClGYSNiHKa0iOSBlkcNIqdApXwhvfOcGA3iYUAAACBAPZymw48+/7y\n/HSg940kb6xvcbItZRxAlO4d0pbdALs9X8pZMKuEh28XTbGTq9V9VGbp+J6jhwNJ\nYBQFQvrY5ydMmqNKuM3Hb3UeflIAoOGDaBZwHIRFJwqkKTnt5mHanwXk8c+XE1A7\nCiN4pgihxz97814z6SoZlTOYoTQtCwPPAAAAAAEC\n-----END OPENSSH PRIVATE KEY-----\n",
            "private_key_pem": "-----BEGIN RSA PRIVATE KEY-----\nMIIEpAIBAAKCAQEA7XeU1ghkpKamnDbPBbs5Gx9+MZlzCaxKfPlldRSmCPJH0aMX\n8VZ5ua37DYbpMjbfG3PNN5XF6QPUTROOlP/WIUh4iAcVkM7zUp5JZrw65fK6j77g\nWmbBnCz35c/KUPbzccs7kVFQxKjyGP8RjkvkO3EieEipI9UUX2nBDqNygF10/7Ez\nweAcgit/QLUNcySWIgVZFkOqd0BOkNejxpiVj6ocV4b4AkjRDTlxhNRswQTU+B+R\nRKBMeNESBUZvdZMlpawOjNm59jHGznA2QVDLeOnJhy88Slk8cvIsyVP8P5qMAym5\nR+LrRFSRdxjZfpnkX7U79viKPyBIRbeRvTvBiwIDAQABAoIBABtzb2kunzPJcAku\n7M+kzP0trtDdBEdh+1pnGitmr6rpFxRM3j+v13J3gkYWCm8bmL77rAV48t/06V3f\nnOPsjzxZvFU9PGj5A3fRhHqz17stTBPB5P2OU2NSb3XJh4HEim/lJoWt+MBDJ3ls\nQwNIEqIseeedvq+9uhUtjHu8uUfNTO/kMvpBQMuCEZ9/GuvgqM1KQF6486bmwX/x\ngAMQGdZ3esV1soXAnm+lVEJb0eQczjX3jUfHTJ4po+qZUMCAFF3OBSC0JEEkO4V4\ngMPa/iDmPmhkmlCjErX4TdCBQ/XiH46lmvNo9n/5ti9sUK3pomo0rFMyJU6sdyU1\no12gWUECgYEA9qvdjRtSCR+2TVeJyXcigfYOMHkt85ddgki/TrfZYHPEMjLDyC9B\nGyA8LOT9vE0x1pQKLu9WxZ8lOvNm0p/jPwcUBe2+WxvR1yvjn7ZsQ9i0RjG72izA\ni0A4d0pLHuI1dd9T+RClGYSNiHKa0iOSBlkcNIqdApXwhvfOcGA3iYUCgYEA9nKb\nDjz7/vL8dKD3jSRvrG9xsi1lHECU7h3Slt0Auz1fylkwq4SHbxdNsZOr1X1UZun4\nnqOHA0lgFAVC+tjnJ0yao0q4zcdvdR5+UgCg4YNoFnAchEUnCqQpOe3mYdqfBeTx\nz5cTUDsKI3imCKHHP3vzXjPpKhmVM5ihNC0LA88CgYEAh3Iju2GvEBd7sMhKfneO\nWTJU5EUF+GW7ENkFQyIsmIu4xZ+eZYOdCloO8M/ki8sPfLXZSaBeUzFp7g7M/QaS\nb39hfUfoaHrEJJSS7pXqqO6LPqf8cHZ2W4AuAUKoMRMhK9Ivd+mt3m8skCnt3Ulu\n21F+7VLXmB3g7xuPHaGXnUkCgYBay7RmlX892aW7DkbF4EOoYtKfk2vp8b0s0R3x\n6PBJC36MHTn6JvSCsDI2lzI6kFcVJ2QqhhLK2jCkj5+yrVDUQLvEJ1ZYsf5VRuvB\nKGwdSX2CrsFC1fthR0PNDOHQ8WufD08rbPx3lZjRorSA/6FZuT/bWAKyOQSoIrZZ\nc7LYLwKBgQCZH51vwY2nA6lFb5ONuRzglOXiJO2JCl4SXKV8W4gLFsc7h48/S82u\nxvjuMiFxQ9GgrDatiBY+ngcfrsTlrsoUH4yc4QZLfkSn4j8W+ryryuH4esPBq2hg\n8aWfFIB41GW8+mvt02oshbRxcVSheMJWqHOz3H4jgoih/cf9XYHLww==\n-----END RSA PRIVATE KEY-----\n",
            "private_key_pem_pkcs8": "-----BEGIN PRIVATE KEY-----\nMIIEvgIBADANBgkqhkiG9w0BAQEFAASCBKgwggSkAgEAAoIBAQDtd5TWCGSkpqac\nNs8FuzkbH34xmXMJrEp8+WV1FKYI8kfRoxfxVnm5rfsNhukyNt8bc803lcXpA9RN\nE46U/9YhSHiIBxWQzvNSnklmvDrl8rqPvuBaZsGcLPflz8pQ9vNxyzuRUVDEqPIY\n/xGOS+Q7cSJ4SKkj1RRfacEOo3KAXXT/sTPB4ByCK39AtQ1zJJYiBVkWQ6p3QE6Q\n16PGmJWPqhxXhvgCSNENOXGE1GzBBNT4H5FEoEx40RIFRm91kyWlrA6M2bn2McbO\ncDZBUMt46cmHLzxKWTxy8izJU/w/mowDKblH4utEVJF3GNl+meRftTv2+Io/IEhF\nt5G9O8GLAgMBAAECggEAG3NvaS6fM8lwCS7sz6TM/S2u0N0ER2H7WmcaK2avqukX\nFEzeP6/XcneCRhYKbxuYvvusBXjy3/TpXd+c4+yPPFm8VT08aPkDd9GEerPXuy1M\nE8Hk/Y5TY1JvdcmHgcSKb+Umha34wEMneWxDA0gSoix5552+r726FS2Me7y5R81M\n7+Qy+kFAy4IRn38a6+CozUpAXrjzpubBf/GAAxAZ1nd6xXWyhcCeb6VUQlvR5BzO\nNfeNR8dMnimj6plQwIAUXc4FILQkQSQ7hXiAw9r+IOY+aGSaUKMStfhN0IFD9eIf\njqWa82j2f/m2L2xQremiajSsUzIlTqx3JTWjXaBZQQKBgQD2q92NG1IJH7ZNV4nJ\ndyKB9g4weS3zl12CSL9Ot9lgc8QyMsPIL0EbIDws5P28TTHWlAou71bFnyU682bS\nn+M/BxQF7b5bG9HXK+OftmxD2LRGMbvaLMCLQDh3Skse4jV131P5EKUZhI2IcprS\nI5IGWRw0ip0ClfCG985wYDeJhQKBgQD2cpsOPPv+8vx0oPeNJG+sb3GyLWUcQJTu\nHdKW3QC7PV/KWTCrhIdvF02xk6vVfVRm6fieo4cDSWAUBUL62OcnTJqjSrjNx291\nHn5SAKDhg2gWcByERScKpCk57eZh2p8F5PHPlxNQOwojeKYIocc/e/NeM+kqGZUz\nmKE0LQsDzwKBgQCHciO7Ya8QF3uwyEp+d45ZMlTkRQX4ZbsQ2QVDIiyYi7jFn55l\ng50KWg7wz+SLyw98tdlJoF5TMWnuDsz9BpJvf2F9R+hoesQklJLuleqo7os+p/xw\ndnZbgC4BQqgxEyEr0i936a3ebyyQKe3dSW7bUX7tUteYHeDvG48doZedSQKBgFrL\ntGaVfz3ZpbsORsXgQ6hi0p+Ta+nxvSzRHfHo8EkLfowdOfom9IKwMjaXMjqQVxUn\nZCqGEsraMKSPn7KtUNRAu8QnVlix/lVG68EobB1JfYKuwULV+2FHQ80M4dDxa58P\nTyts/HeVmNGitID/oVm5P9tYArI5BKgitllzstgvAoGBAJkfnW/BjacDqUVvk425\nHOCU5eIk7YkKXhJcpXxbiAsWxzuHjz9Lza7G+O4yIXFD0aCsNq2IFj6eBx+uxOWu\nyhQfjJzhBkt+RKfiPxb6vKvK4fh6w8GraGDxpZ8UgHjUZbz6a+3TaiyFtHFxVKF4\nwlaoc7PcfiOCiKH9x/1dgcvD\n-----END PRIVATE KEY-----\n",
            "public_key_fingerprint_md5": "7b:aa:4a:3f:32:2b:e0:76:dc:6c:7c:1f:6e:7f:94:33",
            "public_key_fingerprint_sha256": "SHA256:tDEW0XinRbiOaIUW74tFR6z2VvTPwg5evIJ/F+pIq5U",
            "public_key_openssh": "ssh-rsa AAAAB3NzaC1yc2EAAAADAQABAAABAQDtd5TWCGSkpqacNs8FuzkbH34xmXMJrEp8+WV1FKYI8kfRoxfxVnm5rfsNhukyNt8bc803lcXpA9RNE46U/9YhSHiIBxWQzvNSnklmvDrl8rqPvuBaZsGcLPflz8pQ9vNxyzuRUVDEqPIY/xGOS+Q7cSJ4SKkj1RRfacEOo3KAXXT/sTPB4ByCK39AtQ1zJJYiBVkWQ6p3QE6Q16PGmJWPqhxXhvgCSNENOXGE1GzBBNT4H5FEoEx40RIFRm91kyWlrA6M2bn2McbOcDZBUMt46cmHLzxKWTxy8izJU/w/mowDKblH4utEVJF3GNl+meRftTv2+Io/IEhFt5G9O8GL\n",
            "public_key_pem": "-----BEGIN PUBLIC KEY-----\nMIIBIjANBgkqhkiG9w0BAQEFAAOCAQ8AMIIBCgKCAQEA7XeU1ghkpKamnDbPBbs5\nGx9+MZlzCaxKfPlldRSmCPJH0aMX8VZ5ua37DYbpMjbfG3PNN5XF6QPUTROOlP/W\nIUh4iAcVkM7zUp5JZrw65fK6j77gWmbBnCz35c/KUPbzccs7kVFQxKjyGP8Rjkvk\nO3EieEipI9UUX2nBDqNygF10/7EzweAcgit/QLUNcySWIgVZFkOqd0BOkNejxpiV\nj6ocV4b4AkjRDTlxhNRswQTU+B+RRKBMeNESBUZvdZMlpawOjNm59jHGznA2QVDL\neOnJhy88Slk8cvIsyVP8P5qMAym5R+LrRFSRdxjZfpnkX7U79viKPyBIRbeRvTvB\niwIDAQAB\n-----END PUBLIC KEY-----\n",
            "rsa_bits": 2048
          },
          "sensitive_attributes": [
            [
              {
                "type": "get_attr",
                "value": "private_key_openssh"
              }
            ],
            [
              {
                "type": "get_attr",
                "value": "private_key_pem"
              }
            ],
            [
              {
                "type": "get_attr",
                "value": "private_key_pem_pkcs8"
              }
            ]
          ]
        }
      ]
    },
    {
      "mode": "managed",
      "type": "tls_self_signed_cert",
      "name": "alb_cert",
      "provider": "provider[\"registry.terraform.io/hashicorp/tls\"]",
      "instances": [
        {
          "schema_version": 0,
          "attributes": {
            "allowed_uses": [
              "key_encipherment",
              "digital_signature",
              "server_auth"
            ],
            "cert_pem": "-----BEGIN CERTIFICATE-----\nMIIDFTCCAf2gAwIBAgIQbXeTGw0HrGX2mTnfhJ4rkzANBgkqhkiG9w0BAQsFADAr\nMREwDwYDVQQKEwhEZW1vIE9yZzEWMBQGA1UEAxMNZXZ2by5lemVyby5pbjAeFw0y\nNTAyMDcwMzM0MTZaFw0yNjAyMDcwMzM0MTZaMCsxETAPBgNVBAoTCERlbW8gT3Jn\nMRYwFAYDVQQDEw1ldnZvLmV6ZXJvLmluMIIBIjANBgkqhkiG9w0BAQEFAAOCAQ8A\nMIIBCgKCAQEA7XeU1ghkpKamnDbPBbs5Gx9+MZlzCaxKfPlldRSmCPJH0aMX8VZ5\nua37DYbpMjbfG3PNN5XF6QPUTROOlP/WIUh4iAcVkM7zUp5JZrw65fK6j77gWmbB\nnCz35c/KUPbzccs7kVFQxKjyGP8RjkvkO3EieEipI9UUX2nBDqNygF10/7EzweAc\ngit/QLUNcySWIgVZFkOqd0BOkNejxpiVj6ocV4b4AkjRDTlxhNRswQTU+B+RRKBM\neNESBUZvdZMlpawOjNm59jHGznA2QVDLeOnJhy88Slk8cvIsyVP8P5qMAym5R+Lr\nRFSRdxjZfpnkX7U79viKPyBIRbeRvTvBiwIDAQABozUwMzAOBgNVHQ8BAf8EBAMC\nBaAwEwYDVR0lBAwwCgYIKwYBBQUHAwEwDAYDVR0TAQH/BAIwADANBgkqhkiG9w0B\nAQsFAAOCAQEAcohYJMIreGJZE1FzTQVzY1txMqIX7IY8JaeMQxuQ7VO8nNEvZvs9\nmONK7MHqGuE2lRxUR5z5X3dIvqpls5uzNYS+KIpRc0bfzFG0MRmHTAJPEVlhfOxG\nIoz16hkAr68ZAhKMauIDiMgLPwTy1zs9k5xchM/v3kNHbMNMQ9WFK27oNntZ4cTD\nG0Miz+KSz8rZIV9vQyIKQE8CRMw1hr7FXYHYMckIBjwQyIL8csrYCMIbhqS/iilO\n6Myc3KknT99ZADMx/ptLlxzD+6qCrdYv0jE/pVlYSC8sgFoiyqL7EUGz+D/BaijT\nlmsjXmEFfn65RQNmUhfQ6y2ZdvWJY+96Pg==\n-----END CERTIFICATE-----\n",
            "dns_names": null,
            "early_renewal_hours": 168,
            "id": "145506718524126181051339824663579470739",
            "ip_addresses": null,
            "is_ca_certificate": false,
            "key_algorithm": "RSA",
            "private_key_pem": "-----BEGIN RSA PRIVATE KEY-----\nMIIEpAIBAAKCAQEA7XeU1ghkpKamnDbPBbs5Gx9+MZlzCaxKfPlldRSmCPJH0aMX\n8VZ5ua37DYbpMjbfG3PNN5XF6QPUTROOlP/WIUh4iAcVkM7zUp5JZrw65fK6j77g\nWmbBnCz35c/KUPbzccs7kVFQxKjyGP8RjkvkO3EieEipI9UUX2nBDqNygF10/7Ez\nweAcgit/QLUNcySWIgVZFkOqd0BOkNejxpiVj6ocV4b4AkjRDTlxhNRswQTU+B+R\nRKBMeNESBUZvdZMlpawOjNm59jHGznA2QVDLeOnJhy88Slk8cvIsyVP8P5qMAym5\nR+LrRFSRdxjZfpnkX7U79viKPyBIRbeRvTvBiwIDAQABAoIBABtzb2kunzPJcAku\n7M+kzP0trtDdBEdh+1pnGitmr6rpFxRM3j+v13J3gkYWCm8bmL77rAV48t/06V3f\nnOPsjzxZvFU9PGj5A3fRhHqz17stTBPB5P2OU2NSb3XJh4HEim/lJoWt+MBDJ3ls\nQwNIEqIseeedvq+9uhUtjHu8uUfNTO/kMvpBQMuCEZ9/GuvgqM1KQF6486bmwX/x\ngAMQGdZ3esV1soXAnm+lVEJb0eQczjX3jUfHTJ4po+qZUMCAFF3OBSC0JEEkO4V4\ngMPa/iDmPmhkmlCjErX4TdCBQ/XiH46lmvNo9n/5ti9sUK3pomo0rFMyJU6sdyU1\no12gWUECgYEA9qvdjRtSCR+2TVeJyXcigfYOMHkt85ddgki/TrfZYHPEMjLDyC9B\nGyA8LOT9vE0x1pQKLu9WxZ8lOvNm0p/jPwcUBe2+WxvR1yvjn7ZsQ9i0RjG72izA\ni0A4d0pLHuI1dd9T+RClGYSNiHKa0iOSBlkcNIqdApXwhvfOcGA3iYUCgYEA9nKb\nDjz7/vL8dKD3jSRvrG9xsi1lHECU7h3Slt0Auz1fylkwq4SHbxdNsZOr1X1UZun4\nnqOHA0lgFAVC+tjnJ0yao0q4zcdvdR5+UgCg4YNoFnAchEUnCqQpOe3mYdqfBeTx\nz5cTUDsKI3imCKHHP3vzXjPpKhmVM5ihNC0LA88CgYEAh3Iju2GvEBd7sMhKfneO\nWTJU5EUF+GW7ENkFQyIsmIu4xZ+eZYOdCloO8M/ki8sPfLXZSaBeUzFp7g7M/QaS\nb39hfUfoaHrEJJSS7pXqqO6LPqf8cHZ2W4AuAUKoMRMhK9Ivd+mt3m8skCnt3Ulu\n21F+7VLXmB3g7xuPHaGXnUkCgYBay7RmlX892aW7DkbF4EOoYtKfk2vp8b0s0R3x\n6PBJC36MHTn6JvSCsDI2lzI6kFcVJ2QqhhLK2jCkj5+yrVDUQLvEJ1ZYsf5VRuvB\nKGwdSX2CrsFC1fthR0PNDOHQ8WufD08rbPx3lZjRorSA/6FZuT/bWAKyOQSoIrZZ\nc7LYLwKBgQCZH51vwY2nA6lFb5ONuRzglOXiJO2JCl4SXKV8W4gLFsc7h48/S82u\nxvjuMiFxQ9GgrDatiBY+ngcfrsTlrsoUH4yc4QZLfkSn4j8W+ryryuH4esPBq2hg\n8aWfFIB41GW8+mvt02oshbRxcVSheMJWqHOz3H4jgoih/cf9XYHLww==\n-----END RSA PRIVATE KEY-----\n",
            "ready_for_renewal": false,
            "set_authority_key_id": false,
            "set_subject_key_id": false,
            "subject": [
              {
                "common_name": "evvo.ezero.in",
                "country": null,
                "locality": null,
                "organization": "Demo Org",
                "organizational_unit": null,
                "postal_code": null,
                "province": null,
                "serial_number": null,
                "street_address": null
              }
            ],
            "uris": null,
            "validity_end_time": "2026-02-07T09:04:16.8625852+05:30",
            "validity_period_hours": 8760,
            "validity_start_time": "2025-02-07T09:04:16.8625852+05:30"
          },
          "sensitive_attributes": [
            [
              {
                "type": "get_attr",
                "value": "private_key_pem"
              }
            ]
          ],
          "dependencies": [
            "tls_private_key.alb_key"
          ]
        }
      ]
    }
  ],
  "check_results": null
}
